
Microsoft Visual Studio Solution File, Format Version 12.00
# Visual Studio 15
VisualStudioVersion = 15.0.28010.2048
MinimumVisualStudioVersion = 10.0.40219.1
Project("{FAE04EC0-301F-11D3-BF4B-00C04F79EFBC}") = "Tingle", "Tingle\Tingle.csproj", "{63C495FC-A8A7-42BA-9B5D-1D80D7200836}"
EndProject
Global
	GlobalSection(SolutionConfigurationPlatforms) = preSolution
		Debug|Any CPU = Debug|Any CPU
		Release|Any CPU = Release|Any CPU
	EndGlobalSection
	GlobalSection(ProjectConfigurationPlatforms) = postSolution
		{63C495FC-A8A7-42BA-9B5D-1D80D7200836}.Debug|Any CPU.ActiveCfg = Debug|Any CPU
		{63C495FC-A8A7-42BA-9B5D-1D80D7200836}.Debug|Any CPU.Build.0 = Debug|Any CPU
		{63C495FC-A8A7-42BA-9B5D-1D80D7200836}.Release|Any CPU.ActiveCfg = Release|Any CPU
		{63C495FC-A8A7-42BA-9B5D-1D80D7200836}.Release|Any CPU.Build.0 = Release|Any CPU
	EndGlobalSection
	GlobalSection(SolutionProperties) = preSolution
		HideSolutionNode = FALSE
	EndGlobalSection
	GlobalSection(ExtensibilityGlobals) = postSolution
		SolutionGuid = {58FE9CAC-73DF-4F18-A6F3-867F4C9A7E7E}
	EndGlobalSection
EndGlobal
